// !$*UTF8*$!
{
	archiveVersion = 1;
	classes = {
	};
	objectVersion = 56;
	objects = {

/* Begin PBXBuildFile section */
		1E28E9B6504C9D42B4834310 /* Pods_SportsAppITITests.framework in Frameworks */ = {isa = PBXBuildFile; fileRef = E58F5C07DD8CD0104BE068D3 /* Pods_SportsAppITITests.framework */; };
		1E6623152C71E81000D25CAE /* TeamViewModel.swift in Sources */ = {isa = PBXBuildFile; fileRef = 1E6623142C71E81000D25CAE /* TeamViewModel.swift */; };
		1E78978C2C6FF759000CD0E0 /* CoreDataServices.swift in Sources */ = {isa = PBXBuildFile; fileRef = 1E78978B2C6FF759000CD0E0 /* CoreDataServices.swift */; };
		1EDEAAE62C6B433F00C8B5F7 /* LeaguesDetailsCVC.swift in Sources */ = {isa = PBXBuildFile; fileRef = 1EDEAAE52C6B433F00C8B5F7 /* LeaguesDetailsCVC.swift */; };
		1EDEAAE82C6B45B000C8B5F7 /* LeagueDSecHed.swift in Sources */ = {isa = PBXBuildFile; fileRef = 1EDEAAE72C6B45B000C8B5F7 /* LeagueDSecHed.swift */; };
		1EDEAAEA2C6B49C600C8B5F7 /* TeamsCVC.swift in Sources */ = {isa = PBXBuildFile; fileRef = 1EDEAAE92C6B49C600C8B5F7 /* TeamsCVC.swift */; };
		1EDEAAF02C6BE2FB00C8B5F7 /* SportsItemModel.swift in Sources */ = {isa = PBXBuildFile; fileRef = 1EDEAAEF2C6BE2FB00C8B5F7 /* SportsItemModel.swift */; };
		665620A51CB2004775AE1FBD /* Pods_SportsAppITI_SportsAppITIUITests.framework in Frameworks */ = {isa = PBXBuildFile; fileRef = 2F2694521EC47D44258D41E0 /* Pods_SportsAppITI_SportsAppITIUITests.framework */; };
		A981F4352C6A6F1200C7F2CF /* EventModelApi.swift in Sources */ = {isa = PBXBuildFile; fileRef = A981F4342C6A6F1200C7F2CF /* EventModelApi.swift */; };
		A981F43A2C6A746000C7F2CF /* LeagueDetailsVC.swift in Sources */ = {isa = PBXBuildFile; fileRef = A981F4392C6A746000C7F2CF /* LeagueDetailsVC.swift */; };
		A9823C5D2C6F3E62001313B2 /* NetworkTests.swift in Sources */ = {isa = PBXBuildFile; fileRef = A9823C5C2C6F3E62001313B2 /* NetworkTests.swift */; };
		A9823C612C6F445B001313B2 /* ConnectivityService.swift in Sources */ = {isa = PBXBuildFile; fileRef = A9823C602C6F445B001313B2 /* ConnectivityService.swift */; };
		A9823C632C6F6974001313B2 /* TeamModelApi.swift in Sources */ = {isa = PBXBuildFile; fileRef = A9823C622C6F6974001313B2 /* TeamModelApi.swift */; };
		A9823C682C721A91001313B2 /* CoreDataManagerTests.swift in Sources */ = {isa = PBXBuildFile; fileRef = A9823C672C721A91001313B2 /* CoreDataManagerTests.swift */; };
		A9823C6A2C72344A001313B2 /* CheckInternetTests.swift in Sources */ = {isa = PBXBuildFile; fileRef = A9823C692C72344A001313B2 /* CheckInternetTests.swift */; };
		A9823C6E2C723AAE001313B2 /* AllSportsViewModel.swift in Sources */ = {isa = PBXBuildFile; fileRef = A9823C6D2C723AAE001313B2 /* AllSportsViewModel.swift */; };
		A9823C702C723D1C001313B2 /* UnitTest.swift in Sources */ = {isa = PBXBuildFile; fileRef = A9823C6F2C723D1C001313B2 /* UnitTest.swift */; };
		A9823C722C725910001313B2 /* AllSportsViewModelTests.swift in Sources */ = {isa = PBXBuildFile; fileRef = A9823C712C725910001313B2 /* AllSportsViewModelTests.swift */; };
		A9823C782C726188001313B2 /* SportsApiUrlTest.swift in Sources */ = {isa = PBXBuildFile; fileRef = A9823C772C726188001313B2 /* SportsApiUrlTest.swift */; };
		A9823C7A2C726357001313B2 /* DataRangeTests.swift in Sources */ = {isa = PBXBuildFile; fileRef = A9823C792C726357001313B2 /* DataRangeTests.swift */; };
		A9823C7E2C7278DF001313B2 /* LeaguesViewModel.swift in Sources */ = {isa = PBXBuildFile; fileRef = A9823C7D2C7278DF001313B2 /* LeaguesViewModel.swift */; };
		A9823C822C729362001313B2 /* TeamsDetailsVC.swift in Sources */ = {isa = PBXBuildFile; fileRef = A9823C812C729362001313B2 /* TeamsDetailsVC.swift */; };
		A9823C852C72937F001313B2 /* TeamsTVCell.swift in Sources */ = {isa = PBXBuildFile; fileRef = A9823C842C72937F001313B2 /* TeamsTVCell.swift */; };
		A9823C892C72C342001313B2 /* LeagueDetailsModel.swift in Sources */ = {isa = PBXBuildFile; fileRef = A9823C882C72C342001313B2 /* LeagueDetailsModel.swift */; };
		A9C187502C6BF463007CC609 /* SportsName.swift in Sources */ = {isa = PBXBuildFile; fileRef = A9C1874E2C6BF462007CC609 /* SportsName.swift */; };
		A9C187512C6BF463007CC609 /* Constant.swift in Sources */ = {isa = PBXBuildFile; fileRef = A9C1874F2C6BF462007CC609 /* Constant.swift */; };
		A9C187532C6BF4B0007CC609 /* SportsAPI.swift in Sources */ = {isa = PBXBuildFile; fileRef = A9C187522C6BF4B0007CC609 /* SportsAPI.swift */; };
		A9C187AD2C6D0B39007CC609 /* CustomTapBar.swift in Sources */ = {isa = PBXBuildFile; fileRef = A9C187AC2C6D0B39007CC609 /* CustomTapBar.swift */; };
		A9C187AF2C6D0B4C007CC609 /* CustomTapBar.xib in Resources */ = {isa = PBXBuildFile; fileRef = A9C187AE2C6D0B4C007CC609 /* CustomTapBar.xib */; };
		A9C187B12C6D15B5007CC609 /* DataRange.swift in Sources */ = {isa = PBXBuildFile; fileRef = A9C187B02C6D15B5007CC609 /* DataRange.swift */; };
		A9C69F622C68F82600BE4E44 /* AppDelegate.swift in Sources */ = {isa = PBXBuildFile; fileRef = A9C69F612C68F82600BE4E44 /* AppDelegate.swift */; };
		A9C69F642C68F82600BE4E44 /* SceneDelegate.swift in Sources */ = {isa = PBXBuildFile; fileRef = A9C69F632C68F82600BE4E44 /* SceneDelegate.swift */; };
		A9C69F692C68F82600BE4E44 /* Main.storyboard in Resources */ = {isa = PBXBuildFile; fileRef = A9C69F672C68F82600BE4E44 /* Main.storyboard */; };
		A9C69F6C2C68F82600BE4E44 /* SportsAppITI.xcdatamodeld in Sources */ = {isa = PBXBuildFile; fileRef = A9C69F6A2C68F82600BE4E44 /* SportsAppITI.xcdatamodeld */; };
		A9C69F6E2C68F82700BE4E44 /* Assets.xcassets in Resources */ = {isa = PBXBuildFile; fileRef = A9C69F6D2C68F82700BE4E44 /* Assets.xcassets */; };
		A9C69F712C68F82700BE4E44 /* LaunchScreen.storyboard in Resources */ = {isa = PBXBuildFile; fileRef = A9C69F6F2C68F82700BE4E44 /* LaunchScreen.storyboard */; };
		A9C69F7C2C68F82700BE4E44 /* SportsAppITITests.swift in Sources */ = {isa = PBXBuildFile; fileRef = A9C69F7B2C68F82700BE4E44 /* SportsAppITITests.swift */; };
		A9C69F862C68F82700BE4E44 /* SportsAppITIUITests.swift in Sources */ = {isa = PBXBuildFile; fileRef = A9C69F852C68F82700BE4E44 /* SportsAppITIUITests.swift */; };
		A9C69F882C68F82700BE4E44 /* SportsAppITIUITestsLaunchTests.swift in Sources */ = {isa = PBXBuildFile; fileRef = A9C69F872C68F82700BE4E44 /* SportsAppITIUITestsLaunchTests.swift */; };
		A9C69F962C68FBDB00BE4E44 /* AllSportsCell.swift in Sources */ = {isa = PBXBuildFile; fileRef = A9C69F942C68FBDB00BE4E44 /* AllSportsCell.swift */; };
		A9C69F9A2C68FC0800BE4E44 /* AllSportsVC.swift in Sources */ = {isa = PBXBuildFile; fileRef = A9C69F992C68FC0800BE4E44 /* AllSportsVC.swift */; };
		A9C69F9D2C68FEB100BE4E44 /* UIView+Extension.swift in Sources */ = {isa = PBXBuildFile; fileRef = A9C69F9C2C68FEB100BE4E44 /* UIView+Extension.swift */; };
		A9C69FA22C6913A500BE4E44 /* UILabel+Extension.swift in Sources */ = {isa = PBXBuildFile; fileRef = A9C69FA12C6913A500BE4E44 /* UILabel+Extension.swift */; };
		A9C69FA92C69249E00BE4E44 /* Color.swift in Sources */ = {isa = PBXBuildFile; fileRef = A9C69FA82C69249E00BE4E44 /* Color.swift */; };
		A9C69FAD2C69253600BE4E44 /* Color.xcassets in Resources */ = {isa = PBXBuildFile; fileRef = A9C69FAC2C69253600BE4E44 /* Color.xcassets */; };
		A9C69FB02C6926C800BE4E44 /* NotoSansMono-VariableFont_wdth,wght.ttf in Resources */ = {isa = PBXBuildFile; fileRef = A9C69FAF2C6926C800BE4E44 /* NotoSansMono-VariableFont_wdth,wght.ttf */; };
		A9C69FB42C69387800BE4E44 /* NetworkService.swift in Sources */ = {isa = PBXBuildFile; fileRef = A9C69FB32C69387800BE4E44 /* NetworkService.swift */; };
		A9C69FBD2C695C5100BE4E44 /* LeaguesTV.swift in Sources */ = {isa = PBXBuildFile; fileRef = A9C69FBC2C695C5100BE4E44 /* LeaguesTV.swift */; };
		A9C69FC42C697BC400BE4E44 /* SportTvCell.swift in Sources */ = {isa = PBXBuildFile; fileRef = A9C69FC22C697BC400BE4E44 /* SportTvCell.swift */; };
		A9C6A0282C6A5FBA00BE4E44 /* LeagueModelAPI.swift in Sources */ = {isa = PBXBuildFile; fileRef = A9C6A0272C6A5FBA00BE4E44 /* LeagueModelAPI.swift */; };
		D36FC56BC2F0C407F5A61D27 /* Pods_SportsAppITI.framework in Frameworks */ = {isa = PBXBuildFile; fileRef = D312D78F4D1D280982902719 /* Pods_SportsAppITI.framework */; };
/* End PBXBuildFile section */

/* Begin PBXContainerItemProxy section */
		A9C69F782C68F82700BE4E44 /* PBXContainerItemProxy */ = {
			isa = PBXContainerItemProxy;
			containerPortal = A9C69F562C68F82600BE4E44 /* Project object */;
			proxyType = 1;
			remoteGlobalIDString = A9C69F5D2C68F82600BE4E44;
			remoteInfo = SportsAppITI;
		};
		A9C69F822C68F82700BE4E44 /* PBXContainerItemProxy */ = {
			isa = PBXContainerItemProxy;
			containerPortal = A9C69F562C68F82600BE4E44 /* Project object */;
			proxyType = 1;
			remoteGlobalIDString = A9C69F5D2C68F82600BE4E44;
			remoteInfo = SportsAppITI;
		};
/* End PBXContainerItemProxy section */

/* Begin PBXFileReference section */
		016CBA61327463F9C27D88FF /* Pods-SportsAppITI-SportsAppITIUITests.debug.xcconfig */ = {isa = PBXFileReference; includeInIndex = 1; lastKnownFileType = text.xcconfig; name = "Pods-SportsAppITI-SportsAppITIUITests.debug.xcconfig"; path = "Target Support Files/Pods-SportsAppITI-SportsAppITIUITests/Pods-SportsAppITI-SportsAppITIUITests.debug.xcconfig"; sourceTree = "<group>"; };
		038DF5563CEBCFBC665D821A /* Pods-SportsAppITI.debug.xcconfig */ = {isa = PBXFileReference; includeInIndex = 1; lastKnownFileType = text.xcconfig; name = "Pods-SportsAppITI.debug.xcconfig"; path = "Target Support Files/Pods-SportsAppITI/Pods-SportsAppITI.debug.xcconfig"; sourceTree = "<group>"; };
		1AA688AEFD2AE0649D5F2A35 /* Pods-SportsAppITI-SportsAppITIUITests.release.xcconfig */ = {isa = PBXFileReference; includeInIndex = 1; lastKnownFileType = text.xcconfig; name = "Pods-SportsAppITI-SportsAppITIUITests.release.xcconfig"; path = "Target Support Files/Pods-SportsAppITI-SportsAppITIUITests/Pods-SportsAppITI-SportsAppITIUITests.release.xcconfig"; sourceTree = "<group>"; };
		1E6623142C71E81000D25CAE /* TeamViewModel.swift */ = {isa = PBXFileReference; lastKnownFileType = sourcecode.swift; path = TeamViewModel.swift; sourceTree = "<group>"; };
		1E78978B2C6FF759000CD0E0 /* CoreDataServices.swift */ = {isa = PBXFileReference; lastKnownFileType = sourcecode.swift; path = CoreDataServices.swift; sourceTree = "<group>"; };
		1EC2949F4A836F6B75483846 /* Pods-SportsAppITI.release.xcconfig */ = {isa = PBXFileReference; includeInIndex = 1; lastKnownFileType = text.xcconfig; name = "Pods-SportsAppITI.release.xcconfig"; path = "Target Support Files/Pods-SportsAppITI/Pods-SportsAppITI.release.xcconfig"; sourceTree = "<group>"; };
		1EDEAAE52C6B433F00C8B5F7 /* LeaguesDetailsCVC.swift */ = {isa = PBXFileReference; lastKnownFileType = sourcecode.swift; path = LeaguesDetailsCVC.swift; sourceTree = "<group>"; };
		1EDEAAE72C6B45B000C8B5F7 /* LeagueDSecHed.swift */ = {isa = PBXFileReference; lastKnownFileType = sourcecode.swift; path = LeagueDSecHed.swift; sourceTree = "<group>"; };
		1EDEAAE92C6B49C600C8B5F7 /* TeamsCVC.swift */ = {isa = PBXFileReference; lastKnownFileType = sourcecode.swift; path = TeamsCVC.swift; sourceTree = "<group>"; };
		1EDEAAEF2C6BE2FB00C8B5F7 /* SportsItemModel.swift */ = {isa = PBXFileReference; fileEncoding = 4; lastKnownFileType = sourcecode.swift; path = SportsItemModel.swift; sourceTree = "<group>"; };
		2F2694521EC47D44258D41E0 /* Pods_SportsAppITI_SportsAppITIUITests.framework */ = {isa = PBXFileReference; explicitFileType = wrapper.framework; includeInIndex = 0; path = Pods_SportsAppITI_SportsAppITIUITests.framework; sourceTree = BUILT_PRODUCTS_DIR; };
		3467CEBBEFA1EFBA1F06F610 /* Pods-SportsAppITITests.release.xcconfig */ = {isa = PBXFileReference; includeInIndex = 1; lastKnownFileType = text.xcconfig; name = "Pods-SportsAppITITests.release.xcconfig"; path = "Target Support Files/Pods-SportsAppITITests/Pods-SportsAppITITests.release.xcconfig"; sourceTree = "<group>"; };
		A981F4342C6A6F1200C7F2CF /* EventModelApi.swift */ = {isa = PBXFileReference; lastKnownFileType = sourcecode.swift; path = EventModelApi.swift; sourceTree = "<group>"; };
		A981F4392C6A746000C7F2CF /* LeagueDetailsVC.swift */ = {isa = PBXFileReference; lastKnownFileType = sourcecode.swift; path = LeagueDetailsVC.swift; sourceTree = "<group>"; };
		A9823C5C2C6F3E62001313B2 /* NetworkTests.swift */ = {isa = PBXFileReference; lastKnownFileType = sourcecode.swift; path = NetworkTests.swift; sourceTree = "<group>"; };
		A9823C602C6F445B001313B2 /* ConnectivityService.swift */ = {isa = PBXFileReference; lastKnownFileType = sourcecode.swift; path = ConnectivityService.swift; sourceTree = "<group>"; };
		A9823C622C6F6974001313B2 /* TeamModelApi.swift */ = {isa = PBXFileReference; lastKnownFileType = sourcecode.swift; path = TeamModelApi.swift; sourceTree = "<group>"; };
		A9823C672C721A91001313B2 /* CoreDataManagerTests.swift */ = {isa = PBXFileReference; lastKnownFileType = sourcecode.swift; path = CoreDataManagerTests.swift; sourceTree = "<group>"; };
		A9823C692C72344A001313B2 /* CheckInternetTests.swift */ = {isa = PBXFileReference; lastKnownFileType = sourcecode.swift; path = CheckInternetTests.swift; sourceTree = "<group>"; };
		A9823C6D2C723AAE001313B2 /* AllSportsViewModel.swift */ = {isa = PBXFileReference; lastKnownFileType = sourcecode.swift; path = AllSportsViewModel.swift; sourceTree = "<group>"; };
		A9823C6F2C723D1C001313B2 /* UnitTest.swift */ = {isa = PBXFileReference; lastKnownFileType = sourcecode.swift; path = UnitTest.swift; sourceTree = "<group>"; };
		A9823C712C725910001313B2 /* AllSportsViewModelTests.swift */ = {isa = PBXFileReference; lastKnownFileType = sourcecode.swift; path = AllSportsViewModelTests.swift; sourceTree = "<group>"; };
		A9823C772C726188001313B2 /* SportsApiUrlTest.swift */ = {isa = PBXFileReference; lastKnownFileType = sourcecode.swift; path = SportsApiUrlTest.swift; sourceTree = "<group>"; };
		A9823C792C726357001313B2 /* DataRangeTests.swift */ = {isa = PBXFileReference; lastKnownFileType = sourcecode.swift; path = DataRangeTests.swift; sourceTree = "<group>"; };
		A9823C7D2C7278DF001313B2 /* LeaguesViewModel.swift */ = {isa = PBXFileReference; lastKnownFileType = sourcecode.swift; path = LeaguesViewModel.swift; sourceTree = "<group>"; };
		A9823C812C729362001313B2 /* TeamsDetailsVC.swift */ = {isa = PBXFileReference; fileEncoding = 4; lastKnownFileType = sourcecode.swift; name = TeamsDetailsVC.swift; path = SportsAppITI/Modules/TeamDetails/view/TeamsDetailsVC.swift; sourceTree = SOURCE_ROOT; };
		A9823C842C72937F001313B2 /* TeamsTVCell.swift */ = {isa = PBXFileReference; fileEncoding = 4; lastKnownFileType = sourcecode.swift; name = TeamsTVCell.swift; path = SportsAppITI/Modules/TeamDetails/view/TeamsTVCell.swift; sourceTree = SOURCE_ROOT; };
		A9823C882C72C342001313B2 /* LeagueDetailsModel.swift */ = {isa = PBXFileReference; lastKnownFileType = sourcecode.swift; path = LeagueDetailsModel.swift; sourceTree = "<group>"; };
		A9C1874E2C6BF462007CC609 /* SportsName.swift */ = {isa = PBXFileReference; fileEncoding = 4; lastKnownFileType = sourcecode.swift; path = SportsName.swift; sourceTree = "<group>"; };
		A9C1874F2C6BF462007CC609 /* Constant.swift */ = {isa = PBXFileReference; fileEncoding = 4; lastKnownFileType = sourcecode.swift; path = Constant.swift; sourceTree = "<group>"; };
		A9C187522C6BF4B0007CC609 /* SportsAPI.swift */ = {isa = PBXFileReference; lastKnownFileType = sourcecode.swift; path = SportsAPI.swift; sourceTree = "<group>"; };
		A9C187AC2C6D0B39007CC609 /* CustomTapBar.swift */ = {isa = PBXFileReference; fileEncoding = 4; lastKnownFileType = sourcecode.swift; path = CustomTapBar.swift; sourceTree = "<group>"; };
		A9C187AE2C6D0B4C007CC609 /* CustomTapBar.xib */ = {isa = PBXFileReference; fileEncoding = 4; lastKnownFileType = file.xib; path = CustomTapBar.xib; sourceTree = "<group>"; };
		A9C187B02C6D15B5007CC609 /* DataRange.swift */ = {isa = PBXFileReference; lastKnownFileType = sourcecode.swift; path = DataRange.swift; sourceTree = "<group>"; };
		A9C69F5E2C68F82600BE4E44 /* SportsAppITI.app */ = {isa = PBXFileReference; explicitFileType = wrapper.application; includeInIndex = 0; path = SportsAppITI.app; sourceTree = BUILT_PRODUCTS_DIR; };
		A9C69F612C68F82600BE4E44 /* AppDelegate.swift */ = {isa = PBXFileReference; lastKnownFileType = sourcecode.swift; path = AppDelegate.swift; sourceTree = "<group>"; };
		A9C69F632C68F82600BE4E44 /* SceneDelegate.swift */ = {isa = PBXFileReference; lastKnownFileType = sourcecode.swift; path = SceneDelegate.swift; sourceTree = "<group>"; };
		A9C69F682C68F82600BE4E44 /* Base */ = {isa = PBXFileReference; lastKnownFileType = file.storyboard; name = Base; path = Base.lproj/Main.storyboard; sourceTree = "<group>"; };
		A9C69F6B2C68F82600BE4E44 /* SportsAppITI.xcdatamodel */ = {isa = PBXFileReference; lastKnownFileType = wrapper.xcdatamodel; path = SportsAppITI.xcdatamodel; sourceTree = "<group>"; };
		A9C69F6D2C68F82700BE4E44 /* Assets.xcassets */ = {isa = PBXFileReference; lastKnownFileType = folder.assetcatalog; path = Assets.xcassets; sourceTree = "<group>"; };
		A9C69F702C68F82700BE4E44 /* Base */ = {isa = PBXFileReference; lastKnownFileType = file.storyboard; name = Base; path = Base.lproj/LaunchScreen.storyboard; sourceTree = "<group>"; };
		A9C69F722C68F82700BE4E44 /* Info.plist */ = {isa = PBXFileReference; lastKnownFileType = text.plist.xml; path = Info.plist; sourceTree = "<group>"; };
		A9C69F772C68F82700BE4E44 /* SportsAppITITests.xctest */ = {isa = PBXFileReference; explicitFileType = wrapper.cfbundle; includeInIndex = 0; path = SportsAppITITests.xctest; sourceTree = BUILT_PRODUCTS_DIR; };
		A9C69F7B2C68F82700BE4E44 /* SportsAppITITests.swift */ = {isa = PBXFileReference; lastKnownFileType = sourcecode.swift; path = SportsAppITITests.swift; sourceTree = "<group>"; };
		A9C69F812C68F82700BE4E44 /* SportsAppITIUITests.xctest */ = {isa = PBXFileReference; explicitFileType = wrapper.cfbundle; includeInIndex = 0; path = SportsAppITIUITests.xctest; sourceTree = BUILT_PRODUCTS_DIR; };
		A9C69F852C68F82700BE4E44 /* SportsAppITIUITests.swift */ = {isa = PBXFileReference; lastKnownFileType = sourcecode.swift; path = SportsAppITIUITests.swift; sourceTree = "<group>"; };
		A9C69F872C68F82700BE4E44 /* SportsAppITIUITestsLaunchTests.swift */ = {isa = PBXFileReference; lastKnownFileType = sourcecode.swift; path = SportsAppITIUITestsLaunchTests.swift; sourceTree = "<group>"; };
		A9C69F942C68FBDB00BE4E44 /* AllSportsCell.swift */ = {isa = PBXFileReference; lastKnownFileType = sourcecode.swift; path = AllSportsCell.swift; sourceTree = "<group>"; };
		A9C69F992C68FC0800BE4E44 /* AllSportsVC.swift */ = {isa = PBXFileReference; lastKnownFileType = sourcecode.swift; path = AllSportsVC.swift; sourceTree = "<group>"; };
		A9C69F9C2C68FEB100BE4E44 /* UIView+Extension.swift */ = {isa = PBXFileReference; lastKnownFileType = sourcecode.swift; path = "UIView+Extension.swift"; sourceTree = "<group>"; };
		A9C69FA12C6913A500BE4E44 /* UILabel+Extension.swift */ = {isa = PBXFileReference; lastKnownFileType = sourcecode.swift; path = "UILabel+Extension.swift"; sourceTree = "<group>"; };
		A9C69FA82C69249E00BE4E44 /* Color.swift */ = {isa = PBXFileReference; lastKnownFileType = sourcecode.swift; path = Color.swift; sourceTree = "<group>"; };
		A9C69FAC2C69253600BE4E44 /* Color.xcassets */ = {isa = PBXFileReference; lastKnownFileType = folder.assetcatalog; path = Color.xcassets; sourceTree = "<group>"; };
		A9C69FAF2C6926C800BE4E44 /* NotoSansMono-VariableFont_wdth,wght.ttf */ = {isa = PBXFileReference; lastKnownFileType = file; path = "NotoSansMono-VariableFont_wdth,wght.ttf"; sourceTree = "<group>"; };
		A9C69FB32C69387800BE4E44 /* NetworkService.swift */ = {isa = PBXFileReference; lastKnownFileType = sourcecode.swift; path = NetworkService.swift; sourceTree = "<group>"; };
		A9C69FBC2C695C5100BE4E44 /* LeaguesTV.swift */ = {isa = PBXFileReference; lastKnownFileType = sourcecode.swift; path = LeaguesTV.swift; sourceTree = "<group>"; };
		A9C69FC22C697BC400BE4E44 /* SportTvCell.swift */ = {isa = PBXFileReference; lastKnownFileType = sourcecode.swift; path = SportTvCell.swift; sourceTree = "<group>"; };
		A9C6A0272C6A5FBA00BE4E44 /* LeagueModelAPI.swift */ = {isa = PBXFileReference; lastKnownFileType = sourcecode.swift; path = LeagueModelAPI.swift; sourceTree = "<group>"; };
		C1AC79FEAF2ACFD30D6134D7 /* Pods-SportsAppITITests.debug.xcconfig */ = {isa = PBXFileReference; includeInIndex = 1; lastKnownFileType = text.xcconfig; name = "Pods-SportsAppITITests.debug.xcconfig"; path = "Target Support Files/Pods-SportsAppITITests/Pods-SportsAppITITests.debug.xcconfig"; sourceTree = "<group>"; };
		D312D78F4D1D280982902719 /* Pods_SportsAppITI.framework */ = {isa = PBXFileReference; explicitFileType = wrapper.framework; includeInIndex = 0; path = Pods_SportsAppITI.framework; sourceTree = BUILT_PRODUCTS_DIR; };
		E58F5C07DD8CD0104BE068D3 /* Pods_SportsAppITITests.framework */ = {isa = PBXFileReference; explicitFileType = wrapper.framework; includeInIndex = 0; path = Pods_SportsAppITITests.framework; sourceTree = BUILT_PRODUCTS_DIR; };
/* End PBXFileReference section */

/* Begin PBXFrameworksBuildPhase section */
		A9C69F5B2C68F82600BE4E44 /* Frameworks */ = {
			isa = PBXFrameworksBuildPhase;
			buildActionMask = 2147483647;
			files = (
				D36FC56BC2F0C407F5A61D27 /* Pods_SportsAppITI.framework in Frameworks */,
			);
			runOnlyForDeploymentPostprocessing = 0;
		};
		A9C69F742C68F82700BE4E44 /* Frameworks */ = {
			isa = PBXFrameworksBuildPhase;
			buildActionMask = 2147483647;
			files = (
				1E28E9B6504C9D42B4834310 /* Pods_SportsAppITITests.framework in Frameworks */,
			);
			runOnlyForDeploymentPostprocessing = 0;
		};
		A9C69F7E2C68F82700BE4E44 /* Frameworks */ = {
			isa = PBXFrameworksBuildPhase;
			buildActionMask = 2147483647;
			files = (
				665620A51CB2004775AE1FBD /* Pods_SportsAppITI_SportsAppITIUITests.framework in Frameworks */,
			);
			runOnlyForDeploymentPostprocessing = 0;
		};
/* End PBXFrameworksBuildPhase section */

/* Begin PBXGroup section */
		054FB65D8F044C708FBD9383 /* Frameworks */ = {
			isa = PBXGroup;
			children = (
				D312D78F4D1D280982902719 /* Pods_SportsAppITI.framework */,
				2F2694521EC47D44258D41E0 /* Pods_SportsAppITI_SportsAppITIUITests.framework */,
				E58F5C07DD8CD0104BE068D3 /* Pods_SportsAppITITests.framework */,
			);
			name = Frameworks;
			sourceTree = "<group>";
		};
		1E6623122C71E7C600D25CAE /* ViewModel */ = {
			isa = PBXGroup;
			children = (
				1E6623142C71E81000D25CAE /* TeamViewModel.swift */,
			);
			path = ViewModel;
			sourceTree = "<group>";
		};
		1E78978A2C6FF739000CD0E0 /* Locals */ = {
			isa = PBXGroup;
			children = (
				1E78978B2C6FF759000CD0E0 /* CoreDataServices.swift */,
			);
			path = Locals;
			sourceTree = "<group>";
		};
		4835BF853BEAF3AD99A8F124 /* Pods */ = {
			isa = PBXGroup;
			children = (
				038DF5563CEBCFBC665D821A /* Pods-SportsAppITI.debug.xcconfig */,
				1EC2949F4A836F6B75483846 /* Pods-SportsAppITI.release.xcconfig */,
				016CBA61327463F9C27D88FF /* Pods-SportsAppITI-SportsAppITIUITests.debug.xcconfig */,
				1AA688AEFD2AE0649D5F2A35 /* Pods-SportsAppITI-SportsAppITIUITests.release.xcconfig */,
				C1AC79FEAF2ACFD30D6134D7 /* Pods-SportsAppITITests.debug.xcconfig */,
				3467CEBBEFA1EFBA1F06F610 /* Pods-SportsAppITITests.release.xcconfig */,
			);
			path = Pods;
			sourceTree = "<group>";
		};
		A981F4362C6A700200C7F2CF /* Modules */ = {
			isa = PBXGroup;
			children = (
				A981F4382C6A744700C7F2CF /* LeagueDetail */,
				A9823C642C6F6CF0001313B2 /* TeamDetails */,
				A9C69F982C68FBE300BE4E44 /* AllSports */,
				A9C69FBB2C695BA700BE4E44 /* SportTableV */,
			);
			path = Modules;
			sourceTree = "<group>";
		};
		A981F4372C6A732B00C7F2CF /* cell */ = {
			isa = PBXGroup;
			children = (
				A9C69FC22C697BC400BE4E44 /* SportTvCell.swift */,
			);
			path = cell;
			sourceTree = "<group>";
		};
		A981F4382C6A744700C7F2CF /* LeagueDetail */ = {
			isa = PBXGroup;
			children = (
				A9823C872C72C31D001313B2 /* ViewModel */,
				A9823C862C72C314001313B2 /* View */,
				A9C187482C6BEAE4007CC609 /* Cell */,
			);
			path = LeagueDetail;
			sourceTree = "<group>";
		};
		A9823C642C6F6CF0001313B2 /* TeamDetails */ = {
			isa = PBXGroup;
			children = (
				A9823C832C72936A001313B2 /* Cell */,
				A9823C802C729341001313B2 /* View */,
				1E6623122C71E7C600D25CAE /* ViewModel */,
			);
			path = TeamDetails;
			sourceTree = "<group>";
		};
		A9823C6B2C723A8A001313B2 /* ViewModel */ = {
			isa = PBXGroup;
			children = (
				A9823C6D2C723AAE001313B2 /* AllSportsViewModel.swift */,
			);
			path = ViewModel;
			sourceTree = "<group>";
		};
		A9823C6C2C723A9F001313B2 /* View */ = {
			isa = PBXGroup;
			children = (
				A9C69F992C68FC0800BE4E44 /* AllSportsVC.swift */,
			);
			path = View;
			sourceTree = "<group>";
		};
		A9823C7B2C727418001313B2 /* View */ = {
			isa = PBXGroup;
			children = (
				A9C69FBC2C695C5100BE4E44 /* LeaguesTV.swift */,
				A9823C7C2C7278B1001313B2 /* ViewModel */,
			);
			path = View;
			sourceTree = "<group>";
		};
		A9823C7C2C7278B1001313B2 /* ViewModel */ = {
			isa = PBXGroup;
			children = (
				A9823C7D2C7278DF001313B2 /* LeaguesViewModel.swift */,
			);
			path = ViewModel;
			sourceTree = "<group>";
		};
		A9823C802C729341001313B2 /* View */ = {
			isa = PBXGroup;
			children = (
				A9823C812C729362001313B2 /* TeamsDetailsVC.swift */,
			);
			name = View;
			path = view/View;
			sourceTree = "<group>";
		};
		A9823C832C72936A001313B2 /* Cell */ = {
			isa = PBXGroup;
			children = (
				A9823C842C72937F001313B2 /* TeamsTVCell.swift */,
			);
			path = Cell;
			sourceTree = "<group>";
		};
		A9823C862C72C314001313B2 /* View */ = {
			isa = PBXGroup;
			children = (
				A981F4392C6A746000C7F2CF /* LeagueDetailsVC.swift */,
			);
			path = View;
			sourceTree = "<group>";
		};
		A9823C872C72C31D001313B2 /* ViewModel */ = {
			isa = PBXGroup;
			children = (
				A9823C882C72C342001313B2 /* LeagueDetailsModel.swift */,
			);
			path = ViewModel;
			sourceTree = "<group>";
		};
		A9C187482C6BEAE4007CC609 /* Cell */ = {
			isa = PBXGroup;
			children = (
				1EDEAAE72C6B45B000C8B5F7 /* LeagueDSecHed.swift */,
				1EDEAAE92C6B49C600C8B5F7 /* TeamsCVC.swift */,
				1EDEAAE52C6B433F00C8B5F7 /* LeaguesDetailsCVC.swift */,
			);
			path = Cell;
			sourceTree = "<group>";
		};
		A9C187492C6BEB0A007CC609 /* Utilties */ = {
			isa = PBXGroup;
			children = (
				A9C69FAA2C69251800BE4E44 /* DesingSystem */,
				A9C69FA72C69248800BE4E44 /* Enum */,
				A9C69FAE2C69269D00BE4E44 /* Font */,
				A9C69F9E2C68FF2C00BE4E44 /* Extension */,
				A9C69FB12C6926D300BE4E44 /* CustomView */,
			);
			path = Utilties;
			sourceTree = "<group>";
		};
		A9C1874A2C6BEB5A007CC609 /* ModelView */ = {
			isa = PBXGroup;
			children = (
			);
			path = ModelView;
			sourceTree = "<group>";
		};
		A9C1874C2C6BEBBE007CC609 /* Remote */ = {
			isa = PBXGroup;
			children = (
				A9C69FB32C69387800BE4E44 /* NetworkService.swift */,
				A9823C602C6F445B001313B2 /* ConnectivityService.swift */,
			);
			path = Remote;
			sourceTree = "<group>";
		};
		A9C1874D2C6BEBE6007CC609 /* View */ = {
			isa = PBXGroup;
			children = (
				A9C69F672C68F82600BE4E44 /* Main.storyboard */,
			);
			path = View;
			sourceTree = "<group>";
		};
		A9C69F552C68F82600BE4E44 = {
			isa = PBXGroup;
			children = (
				A9C69F602C68F82600BE4E44 /* SportsAppITI */,
				A9C69F7A2C68F82700BE4E44 /* SportsAppITITests */,
				A9C69F842C68F82700BE4E44 /* SportsAppITIUITests */,
				A9C69F5F2C68F82600BE4E44 /* Products */,
				4835BF853BEAF3AD99A8F124 /* Pods */,
				054FB65D8F044C708FBD9383 /* Frameworks */,
			);
			sourceTree = "<group>";
		};
		A9C69F5F2C68F82600BE4E44 /* Products */ = {
			isa = PBXGroup;
			children = (
				A9C69F5E2C68F82600BE4E44 /* SportsAppITI.app */,
				A9C69F772C68F82700BE4E44 /* SportsAppITITests.xctest */,
				A9C69F812C68F82700BE4E44 /* SportsAppITIUITests.xctest */,
			);
			name = Products;
			sourceTree = "<group>";
		};
		A9C69F602C68F82600BE4E44 /* SportsAppITI */ = {
			isa = PBXGroup;
			children = (
				A9C6A0262C6A5F5C00BE4E44 /* Model */,
				A9C1874D2C6BEBE6007CC609 /* View */,
				A9C6A0232C6A5A4E00BE4E44 /* Services */,
				A9C1874A2C6BEB5A007CC609 /* ModelView */,
				A981F4362C6A700200C7F2CF /* Modules */,
				A9C187492C6BEB0A007CC609 /* Utilties */,
				A9C69F722C68F82700BE4E44 /* Info.plist */,
				A9C69F6A2C68F82600BE4E44 /* SportsAppITI.xcdatamodeld */,
				A9C69F612C68F82600BE4E44 /* AppDelegate.swift */,
				A9C69F632C68F82600BE4E44 /* SceneDelegate.swift */,
			);
			path = SportsAppITI;
			sourceTree = "<group>";
		};
		A9C69F7A2C68F82700BE4E44 /* SportsAppITITests */ = {
			isa = PBXGroup;
			children = (
				A9C69F7B2C68F82700BE4E44 /* SportsAppITITests.swift */,
				A9823C6F2C723D1C001313B2 /* UnitTest.swift */,
				A9823C5C2C6F3E62001313B2 /* NetworkTests.swift */,
				A9823C792C726357001313B2 /* DataRangeTests.swift */,
				A9823C772C726188001313B2 /* SportsApiUrlTest.swift */,
				A9823C692C72344A001313B2 /* CheckInternetTests.swift */,
				A9823C712C725910001313B2 /* AllSportsViewModelTests.swift */,
				A9823C672C721A91001313B2 /* CoreDataManagerTests.swift */,
			);
			path = SportsAppITITests;
			sourceTree = "<group>";
		};
		A9C69F842C68F82700BE4E44 /* SportsAppITIUITests */ = {
			isa = PBXGroup;
			children = (
				A9C69F852C68F82700BE4E44 /* SportsAppITIUITests.swift */,
				A9C69F872C68F82700BE4E44 /* SportsAppITIUITestsLaunchTests.swift */,
			);
			path = SportsAppITIUITests;
			sourceTree = "<group>";
		};
		A9C69F982C68FBE300BE4E44 /* AllSports */ = {
			isa = PBXGroup;
			children = (
				A9823C6C2C723A9F001313B2 /* View */,
				A9823C6B2C723A8A001313B2 /* ViewModel */,
				A9C69F9B2C68FC1100BE4E44 /* Cell */,
			);
			path = AllSports;
			sourceTree = "<group>";
		};
		A9C69F9B2C68FC1100BE4E44 /* Cell */ = {
			isa = PBXGroup;
			children = (
				A9C69F942C68FBDB00BE4E44 /* AllSportsCell.swift */,
			);
			path = Cell;
			sourceTree = "<group>";
		};
		A9C69F9E2C68FF2C00BE4E44 /* Extension */ = {
			isa = PBXGroup;
			children = (
				A9C69F9C2C68FEB100BE4E44 /* UIView+Extension.swift */,
				A9C69FA12C6913A500BE4E44 /* UILabel+Extension.swift */,
			);
			path = Extension;
			sourceTree = "<group>";
		};
		A9C69FA72C69248800BE4E44 /* Enum */ = {
			isa = PBXGroup;
			children = (
				A9C69FA82C69249E00BE4E44 /* Color.swift */,
				A9C187522C6BF4B0007CC609 /* SportsAPI.swift */,
				A9C1874F2C6BF462007CC609 /* Constant.swift */,
				A9C1874E2C6BF462007CC609 /* SportsName.swift */,
				A9C187B02C6D15B5007CC609 /* DataRange.swift */,
			);
			path = Enum;
			sourceTree = "<group>";
		};
		A9C69FAA2C69251800BE4E44 /* DesingSystem */ = {
			isa = PBXGroup;
			children = (
				A9C69F6F2C68F82700BE4E44 /* LaunchScreen.storyboard */,
				A9C69F6D2C68F82700BE4E44 /* Assets.xcassets */,
				A9C69FAC2C69253600BE4E44 /* Color.xcassets */,
			);
			path = DesingSystem;
			sourceTree = "<group>";
		};
		A9C69FAE2C69269D00BE4E44 /* Font */ = {
			isa = PBXGroup;
			children = (
				A9C69FAF2C6926C800BE4E44 /* NotoSansMono-VariableFont_wdth,wght.ttf */,
			);
			path = Font;
			sourceTree = "<group>";
		};
		A9C69FB12C6926D300BE4E44 /* CustomView */ = {
			isa = PBXGroup;
			children = (
				A9C69FB22C6926E300BE4E44 /* TabBar */,
			);
			path = CustomView;
			sourceTree = "<group>";
		};
		A9C69FB22C6926E300BE4E44 /* TabBar */ = {
			isa = PBXGroup;
			children = (
				A9C187AE2C6D0B4C007CC609 /* CustomTapBar.xib */,
				A9C187AC2C6D0B39007CC609 /* CustomTapBar.swift */,
			);
			path = TabBar;
			sourceTree = "<group>";
		};
		A9C69FBB2C695BA700BE4E44 /* SportTableV */ = {
			isa = PBXGroup;
			children = (
				A9823C7B2C727418001313B2 /* View */,
				A981F4372C6A732B00C7F2CF /* cell */,
			);
			path = SportTableV;
			sourceTree = "<group>";
		};
		A9C6A0232C6A5A4E00BE4E44 /* Services */ = {
			isa = PBXGroup;
			children = (
				A9C1874C2C6BEBBE007CC609 /* Remote */,
				1E78978A2C6FF739000CD0E0 /* Locals */,
			);
			path = Services;
			sourceTree = "<group>";
		};
		A9C6A0262C6A5F5C00BE4E44 /* Model */ = {
			isa = PBXGroup;
			children = (
				A9C6A0272C6A5FBA00BE4E44 /* LeagueModelAPI.swift */,
				A9823C622C6F6974001313B2 /* TeamModelApi.swift */,
				1EDEAAEF2C6BE2FB00C8B5F7 /* SportsItemModel.swift */,
				A981F4342C6A6F1200C7F2CF /* EventModelApi.swift */,
			);
			path = Model;
			sourceTree = "<group>";
		};
/* End PBXGroup section */

/* Begin PBXNativeTarget section */
		A9C69F5D2C68F82600BE4E44 /* SportsAppITI */ = {
			isa = PBXNativeTarget;
			buildConfigurationList = A9C69F8B2C68F82700BE4E44 /* Build configuration list for PBXNativeTarget "SportsAppITI" */;
			buildPhases = (
				1A466A2A9D835AE1A0E1DC81 /* [CP] Check Pods Manifest.lock */,
				A9C69F5A2C68F82600BE4E44 /* Sources */,
				A9C69F5B2C68F82600BE4E44 /* Frameworks */,
				A9C69F5C2C68F82600BE4E44 /* Resources */,
				A37EF2CB097390AC7496B1C6 /* [CP] Embed Pods Frameworks */,
			);
			buildRules = (
			);
			dependencies = (
			);
			name = SportsAppITI;
			productName = SportsAppITI;
			productReference = A9C69F5E2C68F82600BE4E44 /* SportsAppITI.app */;
			productType = "com.apple.product-type.application";
		};
		A9C69F762C68F82700BE4E44 /* SportsAppITITests */ = {
			isa = PBXNativeTarget;
			buildConfigurationList = A9C69F8E2C68F82700BE4E44 /* Build configuration list for PBXNativeTarget "SportsAppITITests" */;
			buildPhases = (
				82326D4B3FCFB3AF361033B4 /* [CP] Check Pods Manifest.lock */,
				A9C69F732C68F82700BE4E44 /* Sources */,
				A9C69F742C68F82700BE4E44 /* Frameworks */,
				A9C69F752C68F82700BE4E44 /* Resources */,
			);
			buildRules = (
			);
			dependencies = (
				A9C69F792C68F82700BE4E44 /* PBXTargetDependency */,
			);
			name = SportsAppITITests;
			productName = SportsAppITITests;
			productReference = A9C69F772C68F82700BE4E44 /* SportsAppITITests.xctest */;
			productType = "com.apple.product-type.bundle.unit-test";
		};
		A9C69F802C68F82700BE4E44 /* SportsAppITIUITests */ = {
			isa = PBXNativeTarget;
			buildConfigurationList = A9C69F912C68F82700BE4E44 /* Build configuration list for PBXNativeTarget "SportsAppITIUITests" */;
			buildPhases = (
				10CEEF08AAB10F32A09D070D /* [CP] Check Pods Manifest.lock */,
				A9C69F7D2C68F82700BE4E44 /* Sources */,
				A9C69F7E2C68F82700BE4E44 /* Frameworks */,
				A9C69F7F2C68F82700BE4E44 /* Resources */,
				B1157C3742D7313017F3D8AC /* [CP] Embed Pods Frameworks */,
			);
			buildRules = (
			);
			dependencies = (
				A9C69F832C68F82700BE4E44 /* PBXTargetDependency */,
			);
			name = SportsAppITIUITests;
			productName = SportsAppITIUITests;
			productReference = A9C69F812C68F82700BE4E44 /* SportsAppITIUITests.xctest */;
			productType = "com.apple.product-type.bundle.ui-testing";
		};
/* End PBXNativeTarget section */

/* Begin PBXProject section */
		A9C69F562C68F82600BE4E44 /* Project object */ = {
			isa = PBXProject;
			attributes = {
				BuildIndependentTargetsInParallel = 1;
				LastSwiftUpdateCheck = 1520;
				LastUpgradeCheck = 1520;
				TargetAttributes = {
					A9C69F5D2C68F82600BE4E44 = {
						CreatedOnToolsVersion = 15.2;
					};
					A9C69F762C68F82700BE4E44 = {
						CreatedOnToolsVersion = 15.2;
						TestTargetID = A9C69F5D2C68F82600BE4E44;
					};
					A9C69F802C68F82700BE4E44 = {
						CreatedOnToolsVersion = 15.2;
						TestTargetID = A9C69F5D2C68F82600BE4E44;
					};
				};
			};
			buildConfigurationList = A9C69F592C68F82600BE4E44 /* Build configuration list for PBXProject "SportsAppITI" */;
			compatibilityVersion = "Xcode 14.0";
			developmentRegion = en;
			hasScannedForEncodings = 0;
			knownRegions = (
				en,
				Base,
			);
			mainGroup = A9C69F552C68F82600BE4E44;
			productRefGroup = A9C69F5F2C68F82600BE4E44 /* Products */;
			projectDirPath = "";
			projectRoot = "";
			targets = (
				A9C69F5D2C68F82600BE4E44 /* SportsAppITI */,
				A9C69F762C68F82700BE4E44 /* SportsAppITITests */,
				A9C69F802C68F82700BE4E44 /* SportsAppITIUITests */,
			);
		};
/* End PBXProject section */

/* Begin PBXResourcesBuildPhase section */
		A9C69F5C2C68F82600BE4E44 /* Resources */ = {
			isa = PBXResourcesBuildPhase;
			buildActionMask = 2147483647;
			files = (
				A9C69F712C68F82700BE4E44 /* LaunchScreen.storyboard in Resources */,
				A9C69FB02C6926C800BE4E44 /* NotoSansMono-VariableFont_wdth,wght.ttf in Resources */,
				A9C69F6E2C68F82700BE4E44 /* Assets.xcassets in Resources */,
				A9C69F692C68F82600BE4E44 /* Main.storyboard in Resources */,
				A9C187AF2C6D0B4C007CC609 /* CustomTapBar.xib in Resources */,
				A9C69FAD2C69253600BE4E44 /* Color.xcassets in Resources */,
			);
			runOnlyForDeploymentPostprocessing = 0;
		};
		A9C69F752C68F82700BE4E44 /* Resources */ = {
			isa = PBXResourcesBuildPhase;
			buildActionMask = 2147483647;
			files = (
			);
			runOnlyForDeploymentPostprocessing = 0;
		};
		A9C69F7F2C68F82700BE4E44 /* Resources */ = {
			isa = PBXResourcesBuildPhase;
			buildActionMask = 2147483647;
			files = (
			);
			runOnlyForDeploymentPostprocessing = 0;
		};
/* End PBXResourcesBuildPhase section */

/* Begin PBXShellScriptBuildPhase section */
		10CEEF08AAB10F32A09D070D /* [CP] Check Pods Manifest.lock */ = {
			isa = PBXShellScriptBuildPhase;
			buildActionMask = 2147483647;
			files = (
			);
			inputFileListPaths = (
			);
			inputPaths = (
				"${PODS_PODFILE_DIR_PATH}/Podfile.lock",
				"${PODS_ROOT}/Manifest.lock",
			);
			name = "[CP] Check Pods Manifest.lock";
			outputFileListPaths = (
			);
			outputPaths = (
				"$(DERIVED_FILE_DIR)/Pods-SportsAppITI-SportsAppITIUITests-checkManifestLockResult.txt",
			);
			runOnlyForDeploymentPostprocessing = 0;
			shellPath = /bin/sh;
			shellScript = "diff \"${PODS_PODFILE_DIR_PATH}/Podfile.lock\" \"${PODS_ROOT}/Manifest.lock\" > /dev/null\nif [ $? != 0 ] ; then\n    # print error to STDERR\n    echo \"error: The sandbox is not in sync with the Podfile.lock. Run 'pod install' or update your CocoaPods installation.\" >&2\n    exit 1\nfi\n# This output is used by Xcode 'outputs' to avoid re-running this script phase.\necho \"SUCCESS\" > \"${SCRIPT_OUTPUT_FILE_0}\"\n";
			showEnvVarsInLog = 0;
		};
		1A466A2A9D835AE1A0E1DC81 /* [CP] Check Pods Manifest.lock */ = {
			isa = PBXShellScriptBuildPhase;
			buildActionMask = 2147483647;
			files = (
			);
			inputFileListPaths = (
			);
			inputPaths = (
				"${PODS_PODFILE_DIR_PATH}/Podfile.lock",
				"${PODS_ROOT}/Manifest.lock",
			);
			name = "[CP] Check Pods Manifest.lock";
			outputFileListPaths = (
			);
			outputPaths = (
				"$(DERIVED_FILE_DIR)/Pods-SportsAppITI-checkManifestLockResult.txt",
			);
			runOnlyForDeploymentPostprocessing = 0;
			shellPath = /bin/sh;
			shellScript = "diff \"${PODS_PODFILE_DIR_PATH}/Podfile.lock\" \"${PODS_ROOT}/Manifest.lock\" > /dev/null\nif [ $? != 0 ] ; then\n    # print error to STDERR\n    echo \"error: The sandbox is not in sync with the Podfile.lock. Run 'pod install' or update your CocoaPods installation.\" >&2\n    exit 1\nfi\n# This output is used by Xcode 'outputs' to avoid re-running this script phase.\necho \"SUCCESS\" > \"${SCRIPT_OUTPUT_FILE_0}\"\n";
			showEnvVarsInLog = 0;
		};
		82326D4B3FCFB3AF361033B4 /* [CP] Check Pods Manifest.lock */ = {
			isa = PBXShellScriptBuildPhase;
			buildActionMask = 2147483647;
			files = (
			);
			inputFileListPaths = (
			);
			inputPaths = (
				"${PODS_PODFILE_DIR_PATH}/Podfile.lock",
				"${PODS_ROOT}/Manifest.lock",
			);
			name = "[CP] Check Pods Manifest.lock";
			outputFileListPaths = (
			);
			outputPaths = (
				"$(DERIVED_FILE_DIR)/Pods-SportsAppITITests-checkManifestLockResult.txt",
			);
			runOnlyForDeploymentPostprocessing = 0;
			shellPath = /bin/sh;
			shellScript = "diff \"${PODS_PODFILE_DIR_PATH}/Podfile.lock\" \"${PODS_ROOT}/Manifest.lock\" > /dev/null\nif [ $? != 0 ] ; then\n    # print error to STDERR\n    echo \"error: The sandbox is not in sync with the Podfile.lock. Run 'pod install' or update your CocoaPods installation.\" >&2\n    exit 1\nfi\n# This output is used by Xcode 'outputs' to avoid re-running this script phase.\necho \"SUCCESS\" > \"${SCRIPT_OUTPUT_FILE_0}\"\n";
			showEnvVarsInLog = 0;
		};
		A37EF2CB097390AC7496B1C6 /* [CP] Embed Pods Frameworks */ = {
			isa = PBXShellScriptBuildPhase;
			buildActionMask = 2147483647;
			files = (
			);
			inputFileListPaths = (
				"${PODS_ROOT}/Target Support Files/Pods-SportsAppITI/Pods-SportsAppITI-frameworks-${CONFIGURATION}-input-files.xcfilelist",
			);
			name = "[CP] Embed Pods Frameworks";
			outputFileListPaths = (
				"${PODS_ROOT}/Target Support Files/Pods-SportsAppITI/Pods-SportsAppITI-frameworks-${CONFIGURATION}-output-files.xcfilelist",
			);
			runOnlyForDeploymentPostprocessing = 0;
			shellPath = /bin/sh;
			shellScript = "\"${PODS_ROOT}/Target Support Files/Pods-SportsAppITI/Pods-SportsAppITI-frameworks.sh\"\n";
			showEnvVarsInLog = 0;
		};
		B1157C3742D7313017F3D8AC /* [CP] Embed Pods Frameworks */ = {
			isa = PBXShellScriptBuildPhase;
			buildActionMask = 2147483647;
			files = (
			);
			inputFileListPaths = (
				"${PODS_ROOT}/Target Support Files/Pods-SportsAppITI-SportsAppITIUITests/Pods-SportsAppITI-SportsAppITIUITests-frameworks-${CONFIGURATION}-input-files.xcfilelist",
			);
			name = "[CP] Embed Pods Frameworks";
			outputFileListPaths = (
				"${PODS_ROOT}/Target Support Files/Pods-SportsAppITI-SportsAppITIUITests/Pods-SportsAppITI-SportsAppITIUITests-frameworks-${CONFIGURATION}-output-files.xcfilelist",
			);
			runOnlyForDeploymentPostprocessing = 0;
			shellPath = /bin/sh;
			shellScript = "\"${PODS_ROOT}/Target Support Files/Pods-SportsAppITI-SportsAppITIUITests/Pods-SportsAppITI-SportsAppITIUITests-frameworks.sh\"\n";
			showEnvVarsInLog = 0;
		};
/* End PBXShellScriptBuildPhase section */

/* Begin PBXSourcesBuildPhase section */
		A9C69F5A2C68F82600BE4E44 /* Sources */ = {
			isa = PBXSourcesBuildPhase;
			buildActionMask = 2147483647;
			files = (
				A9C69FA92C69249E00BE4E44 /* Color.swift in Sources */,
				A9C69F9D2C68FEB100BE4E44 /* UIView+Extension.swift in Sources */,
				1EDEAAEA2C6B49C600C8B5F7 /* TeamsCVC.swift in Sources */,
				A9C69FBD2C695C5100BE4E44 /* LeaguesTV.swift in Sources */,
				A9C69F962C68FBDB00BE4E44 /* AllSportsCell.swift in Sources */,
				1E6623152C71E81000D25CAE /* TeamViewModel.swift in Sources */,
				1EDEAAF02C6BE2FB00C8B5F7 /* SportsItemModel.swift in Sources */,
				A9823C6E2C723AAE001313B2 /* AllSportsViewModel.swift in Sources */,
				1EDEAAE62C6B433F00C8B5F7 /* LeaguesDetailsCVC.swift in Sources */,
				A981F43A2C6A746000C7F2CF /* LeagueDetailsVC.swift in Sources */,
				A9C187B12C6D15B5007CC609 /* DataRange.swift in Sources */,
				A9C69F622C68F82600BE4E44 /* AppDelegate.swift in Sources */,
				A9823C852C72937F001313B2 /* TeamsTVCell.swift in Sources */,
				1EDEAAE82C6B45B000C8B5F7 /* LeagueDSecHed.swift in Sources */,
				A9C187502C6BF463007CC609 /* SportsName.swift in Sources */,
				A9C69FB42C69387800BE4E44 /* NetworkService.swift in Sources */,
				A9823C632C6F6974001313B2 /* TeamModelApi.swift in Sources */,
				A9C69FC42C697BC400BE4E44 /* SportTvCell.swift in Sources */,
				A9C187AD2C6D0B39007CC609 /* CustomTapBar.swift in Sources */,
				A9C69F642C68F82600BE4E44 /* SceneDelegate.swift in Sources */,
				A9823C7E2C7278DF001313B2 /* LeaguesViewModel.swift in Sources */,
				A9C69F6C2C68F82600BE4E44 /* SportsAppITI.xcdatamodeld in Sources */,
				A9823C612C6F445B001313B2 /* ConnectivityService.swift in Sources */,
				A9C69F9A2C68FC0800BE4E44 /* AllSportsVC.swift in Sources */,
				A9C187512C6BF463007CC609 /* Constant.swift in Sources */,
				1E78978C2C6FF759000CD0E0 /* CoreDataServices.swift in Sources */,
				A9C69FA22C6913A500BE4E44 /* UILabel+Extension.swift in Sources */,
				A9823C822C729362001313B2 /* TeamsDetailsVC.swift in Sources */,
				A9C187532C6BF4B0007CC609 /* SportsAPI.swift in Sources */,
				A9823C892C72C342001313B2 /* LeagueDetailsModel.swift in Sources */,
				A9C6A0282C6A5FBA00BE4E44 /* LeagueModelAPI.swift in Sources */,
				A981F4352C6A6F1200C7F2CF /* EventModelApi.swift in Sources */,
			);
			runOnlyForDeploymentPostprocessing = 0;
		};
		A9C69F732C68F82700BE4E44 /* Sources */ = {
			isa = PBXSourcesBuildPhase;
			buildActionMask = 2147483647;
			files = (
				A9823C5D2C6F3E62001313B2 /* NetworkTests.swift in Sources */,
				A9823C782C726188001313B2 /* SportsApiUrlTest.swift in Sources */,
				A9823C722C725910001313B2 /* AllSportsViewModelTests.swift in Sources */,
				A9823C7A2C726357001313B2 /* DataRangeTests.swift in Sources */,
				A9823C6A2C72344A001313B2 /* CheckInternetTests.swift in Sources */,
				A9823C682C721A91001313B2 /* CoreDataManagerTests.swift in Sources */,
				A9C69F7C2C68F82700BE4E44 /* SportsAppITITests.swift in Sources */,
				A9823C702C723D1C001313B2 /* UnitTest.swift in Sources */,
			);
			runOnlyForDeploymentPostprocessing = 0;
		};
		A9C69F7D2C68F82700BE4E44 /* Sources */ = {
			isa = PBXSourcesBuildPhase;
			buildActionMask = 2147483647;
			files = (
				A9C69F882C68F82700BE4E44 /* SportsAppITIUITestsLaunchTests.swift in Sources */,
				A9C69F862C68F82700BE4E44 /* SportsAppITIUITests.swift in Sources */,
			);
			runOnlyForDeploymentPostprocessing = 0;
		};
/* End PBXSourcesBuildPhase section */

/* Begin PBXTargetDependency section */
		A9C69F792C68F82700BE4E44 /* PBXTargetDependency */ = {
			isa = PBXTargetDependency;
			target = A9C69F5D2C68F82600BE4E44 /* SportsAppITI */;
			targetProxy = A9C69F782C68F82700BE4E44 /* PBXContainerItemProxy */;
		};
		A9C69F832C68F82700BE4E44 /* PBXTargetDependency */ = {
			isa = PBXTargetDependency;
			target = A9C69F5D2C68F82600BE4E44 /* SportsAppITI */;
			targetProxy = A9C69F822C68F82700BE4E44 /* PBXContainerItemProxy */;
		};
/* End PBXTargetDependency section */

/* Begin PBXVariantGroup section */
		A9C69F672C68F82600BE4E44 /* Main.storyboard */ = {
			isa = PBXVariantGroup;
			children = (
				A9C69F682C68F82600BE4E44 /* Base */,
			);
			name = Main.storyboard;
			sourceTree = "<group>";
		};
		A9C69F6F2C68F82700BE4E44 /* LaunchScreen.storyboard */ = {
			isa = PBXVariantGroup;
			children = (
				A9C69F702C68F82700BE4E44 /* Base */,
			);
			name = LaunchScreen.storyboard;
			sourceTree = "<group>";
		};
/* End PBXVariantGroup section */

/* Begin XCBuildConfiguration section */
		A9C69F892C68F82700BE4E44 /* Debug */ = {
			isa = XCBuildConfiguration;
			buildSettings = {
				ALWAYS_SEARCH_USER_PATHS = NO;
				ASSETCATALOG_COMPILER_GENERATE_SWIFT_ASSET_SYMBOL_EXTENSIONS = YES;
				CLANG_ANALYZER_NONNULL = YES;
				CLANG_ANALYZER_NUMBER_OBJECT_CONVERSION = YES_AGGRESSIVE;
				CLANG_CXX_LANGUAGE_STANDARD = "gnu++20";
				CLANG_ENABLE_MODULES = YES;
				CLANG_ENABLE_OBJC_ARC = YES;
				CLANG_ENABLE_OBJC_WEAK = YES;
				CLANG_WARN_BLOCK_CAPTURE_AUTORELEASING = YES;
				CLANG_WARN_BOOL_CONVERSION = YES;
				CLANG_WARN_COMMA = YES;
				CLANG_WARN_CONSTANT_CONVERSION = YES;
				CLANG_WARN_DEPRECATED_OBJC_IMPLEMENTATIONS = YES;
				CLANG_WARN_DIRECT_OBJC_ISA_USAGE = YES_ERROR;
				CLANG_WARN_DOCUMENTATION_COMMENTS = YES;
				CLANG_WARN_EMPTY_BODY = YES;
				CLANG_WARN_ENUM_CONVERSION = YES;
				CLANG_WARN_INFINITE_RECURSION = YES;
				CLANG_WARN_INT_CONVERSION = YES;
				CLANG_WARN_NON_LITERAL_NULL_CONVERSION = YES;
				CLANG_WARN_OBJC_IMPLICIT_RETAIN_SELF = YES;
				CLANG_WARN_OBJC_LITERAL_CONVERSION = YES;
				CLANG_WARN_OBJC_ROOT_CLASS = YES_ERROR;
				CLANG_WARN_QUOTED_INCLUDE_IN_FRAMEWORK_HEADER = YES;
				CLANG_WARN_RANGE_LOOP_ANALYSIS = YES;
				CLANG_WARN_STRICT_PROTOTYPES = YES;
				CLANG_WARN_SUSPICIOUS_MOVE = YES;
				CLANG_WARN_UNGUARDED_AVAILABILITY = YES_AGGRESSIVE;
				CLANG_WARN_UNREACHABLE_CODE = YES;
				CLANG_WARN__DUPLICATE_METHOD_MATCH = YES;
				COPY_PHASE_STRIP = NO;
				DEBUG_INFORMATION_FORMAT = dwarf;
				ENABLE_STRICT_OBJC_MSGSEND = YES;
				ENABLE_TESTABILITY = YES;
				ENABLE_USER_SCRIPT_SANDBOXING = NO;
				GCC_C_LANGUAGE_STANDARD = gnu17;
				GCC_DYNAMIC_NO_PIC = NO;
				GCC_NO_COMMON_BLOCKS = YES;
				GCC_OPTIMIZATION_LEVEL = 0;
				GCC_PREPROCESSOR_DEFINITIONS = (
					"DEBUG=1",
					"$(inherited)",
				);
				GCC_WARN_64_TO_32_BIT_CONVERSION = YES;
				GCC_WARN_ABOUT_RETURN_TYPE = YES_ERROR;
				GCC_WARN_UNDECLARED_SELECTOR = YES;
				GCC_WARN_UNINITIALIZED_AUTOS = YES_AGGRESSIVE;
				GCC_WARN_UNUSED_FUNCTION = YES;
				GCC_WARN_UNUSED_VARIABLE = YES;
				IPHONEOS_DEPLOYMENT_TARGET = 17.2;
				LOCALIZATION_PREFERS_STRING_CATALOGS = YES;
				MTL_ENABLE_DEBUG_INFO = INCLUDE_SOURCE;
				MTL_FAST_MATH = YES;
				ONLY_ACTIVE_ARCH = YES;
				SDKROOT = iphoneos;
				SWIFT_ACTIVE_COMPILATION_CONDITIONS = "DEBUG $(inherited)";
				SWIFT_OPTIMIZATION_LEVEL = "-Onone";
			};
			name = Debug;
		};
		A9C69F8A2C68F82700BE4E44 /* Release */ = {
			isa = XCBuildConfiguration;
			buildSettings = {
				ALWAYS_SEARCH_USER_PATHS = NO;
				ASSETCATALOG_COMPILER_GENERATE_SWIFT_ASSET_SYMBOL_EXTENSIONS = YES;
				CLANG_ANALYZER_NONNULL = YES;
				CLANG_ANALYZER_NUMBER_OBJECT_CONVERSION = YES_AGGRESSIVE;
				CLANG_CXX_LANGUAGE_STANDARD = "gnu++20";
				CLANG_ENABLE_MODULES = YES;
				CLANG_ENABLE_OBJC_ARC = YES;
				CLANG_ENABLE_OBJC_WEAK = YES;
				CLANG_WARN_BLOCK_CAPTURE_AUTORELEASING = YES;
				CLANG_WARN_BOOL_CONVERSION = YES;
				CLANG_WARN_COMMA = YES;
				CLANG_WARN_CONSTANT_CONVERSION = YES;
				CLANG_WARN_DEPRECATED_OBJC_IMPLEMENTATIONS = YES;
				CLANG_WARN_DIRECT_OBJC_ISA_USAGE = YES_ERROR;
				CLANG_WARN_DOCUMENTATION_COMMENTS = YES;
				CLANG_WARN_EMPTY_BODY = YES;
				CLANG_WARN_ENUM_CONVERSION = YES;
				CLANG_WARN_INFINITE_RECURSION = YES;
				CLANG_WARN_INT_CONVERSION = YES;
				CLANG_WARN_NON_LITERAL_NULL_CONVERSION = YES;
				CLANG_WARN_OBJC_IMPLICIT_RETAIN_SELF = YES;
				CLANG_WARN_OBJC_LITERAL_CONVERSION = YES;
				CLANG_WARN_OBJC_ROOT_CLASS = YES_ERROR;
				CLANG_WARN_QUOTED_INCLUDE_IN_FRAMEWORK_HEADER = YES;
				CLANG_WARN_RANGE_LOOP_ANALYSIS = YES;
				CLANG_WARN_STRICT_PROTOTYPES = YES;
				CLANG_WARN_SUSPICIOUS_MOVE = YES;
				CLANG_WARN_UNGUARDED_AVAILABILITY = YES_AGGRESSIVE;
				CLANG_WARN_UNREACHABLE_CODE = YES;
				CLANG_WARN__DUPLICATE_METHOD_MATCH = YES;
				COPY_PHASE_STRIP = NO;
				DEBUG_INFORMATION_FORMAT = "dwarf-with-dsym";
				ENABLE_NS_ASSERTIONS = NO;
				ENABLE_STRICT_OBJC_MSGSEND = YES;
				ENABLE_USER_SCRIPT_SANDBOXING = NO;
				GCC_C_LANGUAGE_STANDARD = gnu17;
				GCC_NO_COMMON_BLOCKS = YES;
				GCC_WARN_64_TO_32_BIT_CONVERSION = YES;
				GCC_WARN_ABOUT_RETURN_TYPE = YES_ERROR;
				GCC_WARN_UNDECLARED_SELECTOR = YES;
				GCC_WARN_UNINITIALIZED_AUTOS = YES_AGGRESSIVE;
				GCC_WARN_UNUSED_FUNCTION = YES;
				GCC_WARN_UNUSED_VARIABLE = YES;
				IPHONEOS_DEPLOYMENT_TARGET = 17.2;
				LOCALIZATION_PREFERS_STRING_CATALOGS = YES;
				MTL_ENABLE_DEBUG_INFO = NO;
				MTL_FAST_MATH = YES;
				SDKROOT = iphoneos;
				SWIFT_COMPILATION_MODE = wholemodule;
				VALIDATE_PRODUCT = YES;
			};
			name = Release;
		};
		A9C69F8C2C68F82700BE4E44 /* Debug */ = {
			isa = XCBuildConfiguration;
			baseConfigurationReference = 038DF5563CEBCFBC665D821A /* Pods-SportsAppITI.debug.xcconfig */;
			buildSettings = {
				ASSETCATALOG_COMPILER_APPICON_NAME = AppIcon;
				ASSETCATALOG_COMPILER_GLOBAL_ACCENT_COLOR_NAME = AccentColor;
				CODE_SIGN_STYLE = Automatic;
				CURRENT_PROJECT_VERSION = 1;
				DEVELOPMENT_TEAM = 7Y8K9RT53K;
				GENERATE_INFOPLIST_FILE = YES;
				INFOPLIST_FILE = SportsAppITI/Info.plist;
				INFOPLIST_KEY_UIApplicationSupportsIndirectInputEvents = YES;
				INFOPLIST_KEY_UILaunchStoryboardName = LaunchScreen;
				INFOPLIST_KEY_UIMainStoryboardFile = Main;
				INFOPLIST_KEY_UISupportedInterfaceOrientations_iPad = "UIInterfaceOrientationPortrait UIInterfaceOrientationPortraitUpsideDown UIInterfaceOrientationLandscapeLeft UIInterfaceOrientationLandscapeRight";
				INFOPLIST_KEY_UISupportedInterfaceOrientations_iPhone = "UIInterfaceOrientationPortrait UIInterfaceOrientationLandscapeLeft UIInterfaceOrientationLandscapeRight";
				LD_RUNPATH_SEARCH_PATHS = (
					"$(inherited)",
					"@executable_path/Frameworks",
				);
				MARKETING_VERSION = 1.0;
				PRODUCT_BUNDLE_IDENTIFIER = engy.SportsAppITI;
				PRODUCT_NAME = "$(TARGET_NAME)";
				SWIFT_EMIT_LOC_STRINGS = YES;
				SWIFT_VERSION = 5.0;
				TARGETED_DEVICE_FAMILY = "1,2";
			};
			name = Debug;
		};
		A9C69F8D2C68F82700BE4E44 /* Release */ = {
			isa = XCBuildConfiguration;
			baseConfigurationReference = 1EC2949F4A836F6B75483846 /* Pods-SportsAppITI.release.xcconfig */;
			buildSettings = {
				ASSETCATALOG_COMPILER_APPICON_NAME = AppIcon;
				ASSETCATALOG_COMPILER_GLOBAL_ACCENT_COLOR_NAME = AccentColor;
				CODE_SIGN_STYLE = Automatic;
				CURRENT_PROJECT_VERSION = 1;
				DEVELOPMENT_TEAM = 7Y8K9RT53K;
				GENERATE_INFOPLIST_FILE = YES;
				INFOPLIST_FILE = SportsAppITI/Info.plist;
				INFOPLIST_KEY_UIApplicationSupportsIndirectInputEvents = YES;
				INFOPLIST_KEY_UILaunchStoryboardName = LaunchScreen;
				INFOPLIST_KEY_UIMainStoryboardFile = Main;
				INFOPLIST_KEY_UISupportedInterfaceOrientations_iPad = "UIInterfaceOrientationPortrait UIInterfaceOrientationPortraitUpsideDown UIInterfaceOrientationLandscapeLeft UIInterfaceOrientationLandscapeRight";
				INFOPLIST_KEY_UISupportedInterfaceOrientations_iPhone = "UIInterfaceOrientationPortrait UIInterfaceOrientationLandscapeLeft UIInterfaceOrientationLandscapeRight";
				LD_RUNPATH_SEARCH_PATHS = (
					"$(inherited)",
					"@executable_path/Frameworks",
				);
				MARKETING_VERSION = 1.0;
				PRODUCT_BUNDLE_IDENTIFIER = engy.SportsAppITI;
				PRODUCT_NAME = "$(TARGET_NAME)";
				SWIFT_EMIT_LOC_STRINGS = YES;
				SWIFT_VERSION = 5.0;
				TARGETED_DEVICE_FAMILY = "1,2";
			};
			name = Release;
		};
		A9C69F8F2C68F82700BE4E44 /* Debug */ = {
			isa = XCBuildConfiguration;
			baseConfigurationReference = C1AC79FEAF2ACFD30D6134D7 /* Pods-SportsAppITITests.debug.xcconfig */;
			buildSettings = {
				ALWAYS_EMBED_SWIFT_STANDARD_LIBRARIES = YES;
				BUNDLE_LOADER = "$(TEST_HOST)";
				CODE_SIGN_STYLE = Automatic;
				CURRENT_PROJECT_VERSION = 1;
				GENERATE_INFOPLIST_FILE = YES;
				IPHONEOS_DEPLOYMENT_TARGET = 17.2;
				MARKETING_VERSION = 1.0;
				PRODUCT_BUNDLE_IDENTIFIER = engy.SportsAppITITests;
				PRODUCT_NAME = "$(TARGET_NAME)";
				SWIFT_EMIT_LOC_STRINGS = NO;
				SWIFT_VERSION = 5.0;
				TARGETED_DEVICE_FAMILY = "1,2";
				TEST_HOST = "$(BUILT_PRODUCTS_DIR)/SportsAppITI.app/$(BUNDLE_EXECUTABLE_FOLDER_PATH)/SportsAppITI";
			};
			name = Debug;
		};
		A9C69F902C68F82700BE4E44 /* Release */ = {
			isa = XCBuildConfiguration;
			baseConfigurationReference = 3467CEBBEFA1EFBA1F06F610 /* Pods-SportsAppITITests.release.xcconfig */;
			buildSettings = {
				ALWAYS_EMBED_SWIFT_STANDARD_LIBRARIES = YES;
				BUNDLE_LOADER = "$(TEST_HOST)";
				CODE_SIGN_STYLE = Automatic;
				CURRENT_PROJECT_VERSION = 1;
				GENERATE_INFOPLIST_FILE = YES;
				IPHONEOS_DEPLOYMENT_TARGET = 17.2;
				MARKETING_VERSION = 1.0;
				PRODUCT_BUNDLE_IDENTIFIER = engy.SportsAppITITests;
				PRODUCT_NAME = "$(TARGET_NAME)";
				SWIFT_EMIT_LOC_STRINGS = NO;
				SWIFT_VERSION = 5.0;
				TARGETED_DEVICE_FAMILY = "1,2";
				TEST_HOST = "$(BUILT_PRODUCTS_DIR)/SportsAppITI.app/$(BUNDLE_EXECUTABLE_FOLDER_PATH)/SportsAppITI";
			};
			name = Release;
		};
		A9C69F922C68F82700BE4E44 /* Debug */ = {
			isa = XCBuildConfiguration;
			baseConfigurationReference = 016CBA61327463F9C27D88FF /* Pods-SportsAppITI-SportsAppITIUITests.debug.xcconfig */;
			buildSettings = {
				ALWAYS_EMBED_SWIFT_STANDARD_LIBRARIES = YES;
				CODE_SIGN_STYLE = Automatic;
				CURRENT_PROJECT_VERSION = 1;
				GENERATE_INFOPLIST_FILE = YES;
				MARKETING_VERSION = 1.0;
				PRODUCT_BUNDLE_IDENTIFIER = engy.SportsAppITIUITests;
				PRODUCT_NAME = "$(TARGET_NAME)";
				SWIFT_EMIT_LOC_STRINGS = NO;
				SWIFT_VERSION = 5.0;
				TARGETED_DEVICE_FAMILY = "1,2";
				TEST_TARGET_NAME = SportsAppITI;
			};
			name = Debug;
		};
		A9C69F932C68F82700BE4E44 /* Release */ = {
			isa = XCBuildConfiguration;
			baseConfigurationReference = 1AA688AEFD2AE0649D5F2A35 /* Pods-SportsAppITI-SportsAppITIUITests.release.xcconfig */;
			buildSettings = {
				ALWAYS_EMBED_SWIFT_STANDARD_LIBRARIES = YES;
				CODE_SIGN_STYLE = Automatic;
				CURRENT_PROJECT_VERSION = 1;
				GENERATE_INFOPLIST_FILE = YES;
				MARKETING_VERSION = 1.0;
				PRODUCT_BUNDLE_IDENTIFIER = engy.SportsAppITIUITests;
				PRODUCT_NAME = "$(TARGET_NAME)";
				SWIFT_EMIT_LOC_STRINGS = NO;
				SWIFT_VERSION = 5.0;
				TARGETED_DEVICE_FAMILY = "1,2";
				TEST_TARGET_NAME = SportsAppITI;
			};
			name = Release;
		};
/* End XCBuildConfiguration section */

/* Begin XCConfigurationList section */
		A9C69F592C68F82600BE4E44 /* Build configuration list for PBXProject "SportsAppITI" */ = {
			isa = XCConfigurationList;
			buildConfigurations = (
				A9C69F892C68F82700BE4E44 /* Debug */,
				A9C69F8A2C68F82700BE4E44 /* Release */,
			);
			defaultConfigurationIsVisible = 0;
			defaultConfigurationName = Release;
		};
		A9C69F8B2C68F82700BE4E44 /* Build configuration list for PBXNativeTarget "SportsAppITI" */ = {
			isa = XCConfigurationList;
			buildConfigurations = (
				A9C69F8C2C68F82700BE4E44 /* Debug */,
				A9C69F8D2C68F82700BE4E44 /* Release */,
			);
			defaultConfigurationIsVisible = 0;
			defaultConfigurationName = Release;
		};
		A9C69F8E2C68F82700BE4E44 /* Build configuration list for PBXNativeTarget "SportsAppITITests" */ = {
			isa = XCConfigurationList;
			buildConfigurations = (
				A9C69F8F2C68F82700BE4E44 /* Debug */,
				A9C69F902C68F82700BE4E44 /* Release */,
			);
			defaultConfigurationIsVisible = 0;
			defaultConfigurationName = Release;
		};
		A9C69F912C68F82700BE4E44 /* Build configuration list for PBXNativeTarget "SportsAppITIUITests" */ = {
			isa = XCConfigurationList;
			buildConfigurations = (
				A9C69F922C68F82700BE4E44 /* Debug */,
				A9C69F932C68F82700BE4E44 /* Release */,
			);
			defaultConfigurationIsVisible = 0;
			defaultConfigurationName = Release;
		};
/* End XCConfigurationList section */

/* Begin XCVersionGroup section */
		A9C69F6A2C68F82600BE4E44 /* SportsAppITI.xcdatamodeld */ = {
			isa = XCVersionGroup;
			children = (
				A9C69F6B2C68F82600BE4E44 /* SportsAppITI.xcdatamodel */,
			);
			currentVersion = A9C69F6B2C68F82600BE4E44 /* SportsAppITI.xcdatamodel */;
			path = SportsAppITI.xcdatamodeld;
			sourceTree = "<group>";
			versionGroupType = wrapper.xcdatamodel;
		};
/* End XCVersionGroup section */
	};
	rootObject = A9C69F562C68F82600BE4E44 /* Project object */;
}
